
Microsoft Visual Studio Solution File, Format Version 12.00
# Visual Studio Version 17
VisualStudioVersion = 17.6.33723.286
MinimumVisualStudioVersion = 10.0.40219.1
Project("{FAE04EC0-301F-11D3-BF4B-00C04F79EFBC}") = "PrefinalPOO.Montes.Consola", "PrefinalPOO.Montes\PrefinalPOO.Montes.Consola.csproj", "{6A97A16A-4744-41D4-AEB5-EB4C76863E53}"
EndProject
Project("{FAE04EC0-301F-11D3-BF4B-00C04F79EFBC}") = "PrefinalPOO.Montes.Entidades", "PrefinalPOO.Montes.Entidades\PrefinalPOO.Montes.Entidades.csproj", "{54A00355-F51F-4D38-AAEE-24D90C086881}"
EndProject
Global
	GlobalSection(SolutionConfigurationPlatforms) = preSolution
		Debug|Any CPU = Debug|Any CPU
		Release|Any CPU = Release|Any CPU
	EndGlobalSection
	GlobalSection(ProjectConfigurationPlatforms) = postSolution
		{6A97A16A-4744-41D4-AEB5-EB4C76863E53}.Debug|Any CPU.ActiveCfg = Debug|Any CPU
		{6A97A16A-4744-41D4-AEB5-EB4C76863E53}.Debug|Any CPU.Build.0 = Debug|Any CPU
		{6A97A16A-4744-41D4-AEB5-EB4C76863E53}.Release|Any CPU.ActiveCfg = Release|Any CPU
		{6A97A16A-4744-41D4-AEB5-EB4C76863E53}.Release|Any CPU.Build.0 = Release|Any CPU
		{54A00355-F51F-4D38-AAEE-24D90C086881}.Debug|Any CPU.ActiveCfg = Debug|Any CPU
		{54A00355-F51F-4D38-AAEE-24D90C086881}.Debug|Any CPU.Build.0 = Debug|Any CPU
		{54A00355-F51F-4D38-AAEE-24D90C086881}.Release|Any CPU.ActiveCfg = Release|Any CPU
		{54A00355-F51F-4D38-AAEE-24D90C086881}.Release|Any CPU.Build.0 = Release|Any CPU
	EndGlobalSection
	GlobalSection(SolutionProperties) = preSolution
		HideSolutionNode = FALSE
	EndGlobalSection
	GlobalSection(ExtensibilityGlobals) = postSolution
		SolutionGuid = {2AFA33C3-1549-455A-B0F9-6C4AB9F17FF6}
	EndGlobalSection
EndGlobal
